
Microsoft Visual Studio Solution File, Format Version 12.00
# Visual Studio Version 16
VisualStudioVersion = 16.0.809.4
MinimumVisualStudioVersion = 10.0.40219.1
Project("{FAE04EC0-301F-11D3-BF4B-00C04F79EFBC}") = "API", "API\API.csproj", "{12782F82-8B88-4682-85B0-073CC3C7CC4E}"
EndProject
Project("{FAE04EC0-301F-11D3-BF4B-00C04F79EFBC}") = "Application", "Application\Application.csproj", "{C6781F12-8056-42CD-BF5C-BBD7DA3E132F}"
EndProject
Project("{FAE04EC0-301F-11D3-BF4B-00C04F79EFBC}") = "Domain", "Domain\Domain.csproj", "{45B756BE-6785-43FF-A969-AF8A03AC477E}"
EndProject
Project("{FAE04EC0-301F-11D3-BF4B-00C04F79EFBC}") = "Persistence", "Persistence\Persistence.csproj", "{6275CFA9-587C-4DF7-BA45-79F2D81D3503}"
EndProject
Global
	GlobalSection(SolutionConfigurationPlatforms) = preSolution
		Debug|Any CPU = Debug|Any CPU
		Release|Any CPU = Release|Any CPU
	EndGlobalSection
	GlobalSection(ProjectConfigurationPlatforms) = postSolution
		{12782F82-8B88-4682-85B0-073CC3C7CC4E}.Debug|Any CPU.ActiveCfg = Debug|Any CPU
		{12782F82-8B88-4682-85B0-073CC3C7CC4E}.Debug|Any CPU.Build.0 = Debug|Any CPU
		{12782F82-8B88-4682-85B0-073CC3C7CC4E}.Release|Any CPU.ActiveCfg = Release|Any CPU
		{12782F82-8B88-4682-85B0-073CC3C7CC4E}.Release|Any CPU.Build.0 = Release|Any CPU
		{C6781F12-8056-42CD-BF5C-BBD7DA3E132F}.Debug|Any CPU.ActiveCfg = Debug|Any CPU
		{C6781F12-8056-42CD-BF5C-BBD7DA3E132F}.Debug|Any CPU.Build.0 = Debug|Any CPU
		{C6781F12-8056-42CD-BF5C-BBD7DA3E132F}.Release|Any CPU.ActiveCfg = Release|Any CPU
		{C6781F12-8056-42CD-BF5C-BBD7DA3E132F}.Release|Any CPU.Build.0 = Release|Any CPU
		{45B756BE-6785-43FF-A969-AF8A03AC477E}.Debug|Any CPU.ActiveCfg = Debug|Any CPU
		{45B756BE-6785-43FF-A969-AF8A03AC477E}.Debug|Any CPU.Build.0 = Debug|Any CPU
		{45B756BE-6785-43FF-A969-AF8A03AC477E}.Release|Any CPU.ActiveCfg = Release|Any CPU
		{45B756BE-6785-43FF-A969-AF8A03AC477E}.Release|Any CPU.Build.0 = Release|Any CPU
		{6275CFA9-587C-4DF7-BA45-79F2D81D3503}.Debug|Any CPU.ActiveCfg = Debug|Any CPU
		{6275CFA9-587C-4DF7-BA45-79F2D81D3503}.Debug|Any CPU.Build.0 = Debug|Any CPU
		{6275CFA9-587C-4DF7-BA45-79F2D81D3503}.Release|Any CPU.ActiveCfg = Release|Any CPU
		{6275CFA9-587C-4DF7-BA45-79F2D81D3503}.Release|Any CPU.Build.0 = Release|Any CPU
	EndGlobalSection
	GlobalSection(SolutionProperties) = preSolution
		HideSolutionNode = FALSE
	EndGlobalSection
	GlobalSection(ExtensibilityGlobals) = postSolution
		SolutionGuid = {4320AC4C-5FC5-42B4-9210-A0D72B3C8B73}
	EndGlobalSection
EndGlobal
